
Microsoft Visual Studio Solution File, Format Version 12.00
# Visual Studio Version 16
VisualStudioVersion = 16.0.31729.503
MinimumVisualStudioVersion = 10.0.40219.1
Project("{FAE04EC0-301F-11D3-BF4B-00C04F79EFBC}") = "Lab 7 WpfApp1", "Lab 7 WpfApp1\Lab 7 WpfApp1.csproj", "{412C04C6-3BAF-4087-B88D-255733ACEBA6}"
EndProject
Global
	GlobalSection(SolutionConfigurationPlatforms) = preSolution
		Debug|Any CPU = Debug|Any CPU
		Release|Any CPU = Release|Any CPU
	EndGlobalSection
	GlobalSection(ProjectConfigurationPlatforms) = postSolution
		{412C04C6-3BAF-4087-B88D-255733ACEBA6}.Debug|Any CPU.ActiveCfg = Debug|Any CPU
		{412C04C6-3BAF-4087-B88D-255733ACEBA6}.Debug|Any CPU.Build.0 = Debug|Any CPU
		{412C04C6-3BAF-4087-B88D-255733ACEBA6}.Release|Any CPU.ActiveCfg = Release|Any CPU
		{412C04C6-3BAF-4087-B88D-255733ACEBA6}.Release|Any CPU.Build.0 = Release|Any CPU
	EndGlobalSection
	GlobalSection(SolutionProperties) = preSolution
		HideSolutionNode = FALSE
	EndGlobalSection
	GlobalSection(ExtensibilityGlobals) = postSolution
		SolutionGuid = {8C99A36D-6C0C-4F68-A47B-A7C632798EE6}
	EndGlobalSection
EndGlobal
